// !$*UTF8*$!
{
	archiveVersion = 1;
	classes = {
	};
	objectVersion = 46;
	objects = {

/* Begin PBXBuildFile section */
		8EA4A8D91C854B3100BCB9DB /* AppDelegate.swift in Sources */ = {isa = PBXBuildFile; fileRef = 8EA4A8D81C854B3100BCB9DB /* AppDelegate.swift */; };
		8EA4A8DB1C854B3100BCB9DB /* ViewController.swift in Sources */ = {isa = PBXBuildFile; fileRef = 8EA4A8DA1C854B3100BCB9DB /* ViewController.swift */; };
		8EA4A8DE1C854B3200BCB9DB /* Main.storyboard in Resources */ = {isa = PBXBuildFile; fileRef = 8EA4A8DC1C854B3200BCB9DB /* Main.storyboard */; };
		8EA4A8E01C854B3200BCB9DB /* Assets.xcassets in Resources */ = {isa = PBXBuildFile; fileRef = 8EA4A8DF1C854B3200BCB9DB /* Assets.xcassets */; };
		8EA4A8E31C854B3200BCB9DB /* LaunchScreen.storyboard in Resources */ = {isa = PBXBuildFile; fileRef = 8EA4A8E11C854B3200BCB9DB /* LaunchScreen.storyboard */; };
		8EA4A8EE1C854B3200BCB9DB /* TableViewSampleTests.swift in Sources */ = {isa = PBXBuildFile; fileRef = 8EA4A8ED1C854B3200BCB9DB /* TableViewSampleTests.swift */; };
/* End PBXBuildFile section */

/* Begin PBXContainerItemProxy section */
		8EA4A8EA1C854B3200BCB9DB /* PBXContainerItemProxy */ = {
			isa = PBXContainerItemProxy;
			containerPortal = 8EA4A8CD1C854B3100BCB9DB /* Project object */;
			proxyType = 1;
			remoteGlobalIDString = 8EA4A8D41C854B3100BCB9DB;
			remoteInfo = TableViewSample;
		};
/* End PBXContainerItemProxy section */

/* Begin PBXFileReference section */
		8EA4A8D51C854B3100BCB9DB /* TableViewSample.app */ = {isa = PBXFileReference; explicitFileType = wrapper.application; includeInIndex = 0; path = TableViewSample.app; sourceTree = BUILT_PRODUCTS_DIR; };
		8EA4A8D81C854B3100BCB9DB /* AppDelegate.swift */ = {isa = PBXFileReference; lastKnownFileType = sourcecode.swift; path = AppDelegate.swift; sourceTree = "<group>"; };
		8EA4A8DA1C854B3100BCB9DB /* ViewController.swift */ = {isa = PBXFileReference; lastKnownFileType = sourcecode.swift; path = ViewController.swift; sourceTree = "<group>"; };
		8EA4A8DD1C854B3200BCB9DB /* Base */ = {isa = PBXFileReference; lastKnownFileType = file.storyboard; name = Base; path = Base.lproj/Main.storyboard; sourceTree = "<group>"; };
		8EA4A8DF1C854B3200BCB9DB /* Assets.xcassets */ = {isa = PBXFileReference; lastKnownFileType = folder.assetcatalog; path = Assets.xcassets; sourceTree = "<group>"; };
		8EA4A8E21C854B3200BCB9DB /* Base */ = {isa = PBXFileReference; lastKnownFileType = file.storyboard; name = Base; path = Base.lproj/LaunchScreen.storyboard; sourceTree = "<group>"; };
		8EA4A8E41C854B3200BCB9DB /* Info.plist */ = {isa = PBXFileReference; lastKnownFileType = text.plist.xml; path = Info.plist; sourceTree = "<group>"; };
		8EA4A8E91C854B3200BCB9DB /* TableViewSampleTests.xctest */ = {isa = PBXFileReference; explicitFileType = wrapper.cfbundle; includeInIndex = 0; path = TableViewSampleTests.xctest; sourceTree = BUILT_PRODUCTS_DIR; };
		8EA4A8ED1C854B3200BCB9DB /* TableViewSampleTests.swift */ = {isa = PBXFileReference; lastKnownFileType = sourcecode.swift; path = TableViewSampleTests.swift; sourceTree = "<group>"; };
		8EA4A8EF1C854B3200BCB9DB /* Info.plist */ = {isa = PBXFileReference; lastKnownFileType = text.plist.xml; path = Info.plist; sourceTree = "<group>"; };
/* End PBXFileReference section */

/* Begin PBXFrameworksBuildPhase section */
		8EA4A8D21C854B3100BCB9DB /* Frameworks */ = {
			isa = PBXFrameworksBuildPhase;
			buildActionMask = 2147483647;
			files = (
			);
			runOnlyForDeploymentPostprocessing = 0;
		};
		8EA4A8E61C854B3200BCB9DB /* Frameworks */ = {
			isa = PBXFrameworksBuildPhase;
			buildActionMask = 2147483647;
			files = (
			);
			runOnlyForDeploymentPostprocessing = 0;
		};
/* End PBXFrameworksBuildPhase section */

/* Begin PBXGroup section */
		8EA4A8CC1C854B3100BCB9DB = {
			isa = PBXGroup;
			children = (
				8EA4A8D71C854B3100BCB9DB /* TableViewSample */,
				8EA4A8EC1C854B3200BCB9DB /* TableViewSampleTests */,
				8EA4A8D61C854B3100BCB9DB /* Products */,
			);
			sourceTree = "<group>";
		};
		8EA4A8D61C854B3100BCB9DB /* Products */ = {
			isa = PBXGroup;
			children = (
				8EA4A8D51C854B3100BCB9DB /* TableViewSample.app */,
				8EA4A8E91C854B3200BCB9DB /* TableViewSampleTests.xctest */,
			);
			name = Products;
			sourceTree = "<group>";
		};
		8EA4A8D71C854B3100BCB9DB /* TableViewSample */ = {
			isa = PBXGroup;
			children = (
				8EA4A8D81C854B3100BCB9DB /* AppDelegate.swift */,
				8EA4A8DA1C854B3100BCB9DB /* ViewController.swift */,
				8EA4A8DC1C854B3200BCB9DB /* Main.storyboard */,
				8EA4A8DF1C854B3200BCB9DB /* Assets.xcassets */,
				8EA4A8E11C854B3200BCB9DB /* LaunchScreen.storyboard */,
				8EA4A8E41C854B3200BCB9DB /* Info.plist */,
			);
			path = TableViewSample;
			sourceTree = "<group>";
		};
		8EA4A8EC1C854B3200BCB9DB /* TableViewSampleTests */ = {
			isa = PBXGroup;
			children = (
				8EA4A8ED1C854B3200BCB9DB /* TableViewSampleTests.swift */,
				8EA4A8EF1C854B3200BCB9DB /* Info.plist */,
			);
			path = TableViewSampleTests;
			sourceTree = "<group>";
		};
/* End PBXGroup section */

/* Begin PBXNativeTarget section */
		8EA4A8D41C854B3100BCB9DB /* TableViewSample */ = {
			isa = PBXNativeTarget;
			buildConfigurationList = 8EA4A8F21C854B3200BCB9DB /* Build configuration list for PBXNativeTarget "TableViewSample" */;
			buildPhases = (
				8EA4A8D11C854B3100BCB9DB /* Sources */,
				8EA4A8D21C854B3100BCB9DB /* Frameworks */,
				8EA4A8D31C854B3100BCB9DB /* Resources */,
			);
			buildRules = (
			);
			dependencies = (
			);
			name = TableViewSample;
			productName = TableViewSample;
			productReference = 8EA4A8D51C854B3100BCB9DB /* TableViewSample.app */;
			productType = "com.apple.product-type.application";
		};
		8EA4A8E81C854B3200BCB9DB /* TableViewSampleTests */ = {
			isa = PBXNativeTarget;
			buildConfigurationList = 8EA4A8F51C854B3200BCB9DB /* Build configuration list for PBXNativeTarget "TableViewSampleTests" */;
			buildPhases = (
				8EA4A8E51C854B3200BCB9DB /* Sources */,
				8EA4A8E61C854B3200BCB9DB /* Frameworks */,
				8EA4A8E71C854B3200BCB9DB /* Resources */,
			);
			buildRules = (
			);
			dependencies = (
				8EA4A8EB1C854B3200BCB9DB /* PBXTargetDependency */,
			);
			name = TableViewSampleTests;
			productName = TableViewSampleTests;
			productReference = 8EA4A8E91C854B3200BCB9DB /* TableViewSampleTests.xctest */;
			productType = "com.apple.product-type.bundle.unit-test";
		};
/* End PBXNativeTarget section */

/* Begin PBXProject section */
		8EA4A8CD1C854B3100BCB9DB /* Project object */ = {
			isa = PBXProject;
			attributes = {
				LastSwiftUpdateCheck = 0720;
				LastUpgradeCheck = 0720;
				ORGANIZATIONNAME = "Pratikbhai Patel";
				TargetAttributes = {
					8EA4A8D41C854B3100BCB9DB = {
						CreatedOnToolsVersion = 7.2.1;
					};
					8EA4A8E81C854B3200BCB9DB = {
						CreatedOnToolsVersion = 7.2.1;
						TestTargetID = 8EA4A8D41C854B3100BCB9DB;
					};
				};
			};
			buildConfigurationList = 8EA4A8D01C854B3100BCB9DB /* Build configuration list for PBXProject "TableViewSample" */;
			compatibilityVersion = "Xcode 3.2";
			developmentRegion = English;
			hasScannedForEncodings = 0;
			knownRegions = (
				en,
				Base,
			);
			mainGroup = 8EA4A8CC1C854B3100BCB9DB;
			productRefGroup = 8EA4A8D61C854B3100BCB9DB /* Products */;
			projectDirPath = "";
			projectRoot = "";
			targets = (
				8EA4A8D41C854B3100BCB9DB /* TableViewSample */,
				8EA4A8E81C854B3200BCB9DB /* TableViewSampleTests */,
			);
		};
/* End PBXProject section */

/* Begin PBXResourcesBuildPhase section */
		8EA4A8D31C854B3100BCB9DB /* Resources */ = {
			isa = PBXResourcesBuildPhase;
			buildActionMask = 2147483647;
			files = (
				8EA4A8E31C854B3200BCB9DB /* LaunchScreen.storyboard in Resources */,
				8EA4A8E01C854B3200BCB9DB /* Assets.xcassets in Resources */,
				8EA4A8DE1C854B3200BCB9DB /* Main.storyboard in Resources */,
			);
			runOnlyForDeploymentPostprocessing = 0;
		};
		8EA4A8E71C854B3200BCB9DB /* Resources */ = {
			isa = PBXResourcesBuildPhase;
			buildActionMask = 2147483647;
			files = (
			);
			runOnlyForDeploymentPostprocessing = 0;
		};
/* End PBXResourcesBuildPhase section */

/* Begin PBXSourcesBuildPhase section */
		8EA4A8D11C854B3100BCB9DB /* Sources */ = {
			isa = PBXSourcesBuildPhase;
			buildActionMask = 2147483647;
			files = (
				8EA4A8DB1C854B3100BCB9DB /* ViewController.swift in Sources */,
				8EA4A8D91C854B3100BCB9DB /* AppDelegate.swift in Sources */,
			);
			runOnlyForDeploymentPostprocessing = 0;
		};
		8EA4A8E51C854B3200BCB9DB /* Sources */ = {
			isa = PBXSourcesBuildPhase;
			buildActionMask = 2147483647;
			files = (
				8EA4A8EE1C854B3200BCB9DB /* TableViewSampleTests.swift in Sources */,
			);
			runOnlyForDeploymentPostprocessing = 0;
		};
/* End PBXSourcesBuildPhase section */

/* Begin PBXTargetDependency section */
		8EA4A8EB1C854B3200BCB9DB /* PBXTargetDependency */ = {
			isa = PBXTargetDependency;
			target = 8EA4A8D41C854B3100BCB9DB /* TableViewSample */;
			targetProxy = 8EA4A8EA1C854B3200BCB9DB /* PBXContainerItemProxy */;
		};
/* End PBXTargetDependency section */

/* Begin PBXVariantGroup section */
		8EA4A8DC1C854B3200BCB9DB /* Main.storyboard */ = {
			isa = PBXVariantGroup;
			children = (
				8EA4A8DD1C854B3200BCB9DB /* Base */,
			);
			name = Main.storyboard;
			sourceTree = "<group>";
		};
		8EA4A8E11C854B3200BCB9DB /* LaunchScreen.storyboard */ = {
			isa = PBXVariantGroup;
			children = (
				8EA4A8E21C854B3200BCB9DB /* Base */,
			);
			name = LaunchScreen.storyboard;
			sourceTree = "<group>";
		};
/* End PBXVariantGroup section */

/* Begin XCBuildConfiguration section */
		8EA4A8F01C854B3200BCB9DB /* Debug */ = {
			isa = XCBuildConfiguration;
			buildSettings = {
				ALWAYS_SEARCH_USER_PATHS = NO;
				CLANG_CXX_LANGUAGE_STANDARD = "gnu++0x";
				CLANG_CXX_LIBRARY = "libc++";
				CLANG_ENABLE_MODULES = YES;
				CLANG_ENABLE_OBJC_ARC = YES;
				CLANG_WARN_BOOL_CONVERSION = YES;
				CLANG_WARN_CONSTANT_CONVERSION = YES;
				CLANG_WARN_DIRECT_OBJC_ISA_USAGE = YES_ERROR;
				CLANG_WARN_EMPTY_BODY = YES;
				CLANG_WARN_ENUM_CONVERSION = YES;
				CLANG_WARN_INT_CONVERSION = YES;
				CLANG_WARN_OBJC_ROOT_CLASS = YES_ERROR;
				CLANG_WARN_UNREACHABLE_CODE = YES;
				CLANG_WARN__DUPLICATE_METHOD_MATCH = YES;
				"CODE_SIGN_IDENTITY[sdk=iphoneos*]" = "iPhone Developer";
				COPY_PHASE_STRIP = NO;
				DEBUG_INFORMATION_FORMAT = dwarf;
				ENABLE_STRICT_OBJC_MSGSEND = YES;
				ENABLE_TESTABILITY = YES;
				GCC_C_LANGUAGE_STANDARD = gnu99;
				GCC_DYNAMIC_NO_PIC = NO;
				GCC_NO_COMMON_BLOCKS = YES;
				GCC_OPTIMIZATION_LEVEL = 0;
				GCC_PREPROCESSOR_DEFINITIONS = (
					"DEBUG=1",
					"$(inherited)",
				);
				GCC_WARN_64_TO_32_BIT_CONVERSION = YES;
				GCC_WARN_ABOUT_RETURN_TYPE = YES_ERROR;
				GCC_WARN_UNDECLARED_SELECTOR = YES;
				GCC_WARN_UNINITIALIZED_AUTOS = YES_AGGRESSIVE;
				GCC_WARN_UNUSED_FUNCTION = YES;
				GCC_WARN_UNUSED_VARIABLE = YES;
				IPHONEOS_DEPLOYMENT_TARGET = 9.2;
				MTL_ENABLE_DEBUG_INFO = YES;
				ONLY_ACTIVE_ARCH = YES;
				SDKROOT = iphoneos;
				SWIFT_OPTIMIZATION_LEVEL = "-Onone";
				TARGETED_DEVICE_FAMILY = "1,2";
			};
			name = Debug;
		};
		8EA4A8F11C854B3200BCB9DB /* Release */ = {
			isa = XCBuildConfiguration;
			buildSettings = {
				ALWAYS_SEARCH_USER_PATHS = NO;
				CLANG_CXX_LANGUAGE_STANDARD = "gnu++0x";
				CLANG_CXX_LIBRARY = "libc++";
				CLANG_ENABLE_MODULES = YES;
				CLANG_ENABLE_OBJC_ARC = YES;
				CLANG_WARN_BOOL_CONVERSION = YES;
				CLANG_WARN_CONSTANT_CONVERSION = YES;
				CLANG_WARN_DIRECT_OBJC_ISA_USAGE = YES_ERROR;
				CLANG_WARN_EMPTY_BODY = YES;
				CLANG_WARN_ENUM_CONVERSION = YES;
				CLANG_WARN_INT_CONVERSION = YES;
				CLANG_WARN_OBJC_ROOT_CLASS = YES_ERROR;
				CLANG_WARN_UNREACHABLE_CODE = YES;
				CLANG_WARN__DUPLICATE_METHOD_MATCH = YES;
				"CODE_SIGN_IDENTITY[sdk=iphoneos*]" = "iPhone Developer";
				COPY_PHASE_STRIP = NO;
				DEBUG_INFORMATION_FORMAT = "dwarf-with-dsym";
				ENABLE_NS_ASSERTIONS = NO;
				ENABLE_STRICT_OBJC_MSGSEND = YES;
				GCC_C_LANGUAGE_STANDARD = gnu99;
				GCC_NO_COMMON_BLOCKS = YES;
				GCC_WARN_64_TO_32_BIT_CONVERSION = YES;
				GCC_WARN_ABOUT_RETURN_TYPE = YES_ERROR;
				GCC_WARN_UNDECLARED_SELECTOR = YES;
				GCC_WARN_UNINITIALIZED_AUTOS = YES_AGGRESSIVE;
				GCC_WARN_UNUSED_FUNCTION = YES;
				GCC_WARN_UNUSED_VARIABLE = YES;
				IPHONEOS_DEPLOYMENT_TARGET = 9.2;
				MTL_ENABLE_DEBUG_INFO = NO;
				SDKROOT = iphoneos;
				TARGETED_DEVICE_FAMILY = "1,2";
				VALIDATE_PRODUCT = YES;
			};
			name = Release;
		};
		8EA4A8F31C854B3200BCB9DB /* Debug */ = {
			isa = XCBuildConfiguration;
			buildSettings = {
				ASSETCATALOG_COMPILER_APPICON_NAME = AppIcon;
				INFOPLIST_FILE = TableViewSample/Info.plist;
				LD_RUNPATH_SEARCH_PATHS = "$(inherited) @executable_path/Frameworks";
				PRODUCT_BUNDLE_IDENTIFIER = com.PointerLabs.TableViewSample;
				PRODUCT_NAME = "$(TARGET_NAME)";
			};
			name = Debug;
		};
		8EA4A8F41C854B3200BCB9DB /* Release */ = {
			isa = XCBuildConfiguration;
			buildSettings = {
				ASSETCATALOG_COMPILER_APPICON_NAME = AppIcon;
				INFOPLIST_FILE = TableViewSample/Info.plist;
				LD_RUNPATH_SEARCH_PATHS = "$(inherited) @executable_path/Frameworks";
				PRODUCT_BUNDLE_IDENTIFIER = com.PointerLabs.TableViewSample;
				PRODUCT_NAME = "$(TARGET_NAME)";
			};
			name = Release;
		};
		8EA4A8F61C854B3200BCB9DB /* Debug */ = {
			isa = XCBuildConfiguration;
			buildSettings = {
				BUNDLE_LOADER = "$(TEST_HOST)";
				INFOPLIST_FILE = TableViewSampleTests/Info.plist;
				LD_RUNPATH_SEARCH_PATHS = "$(inherited) @executable_path/Frameworks @loader_path/Frameworks";
				PRODUCT_BUNDLE_IDENTIFIER = com.PointerLabs.TableViewSampleTests;
				PRODUCT_NAME = "$(TARGET_NAME)";
				TEST_HOST = "$(BUILT_PRODUCTS_DIR)/TableViewSample.app/TableViewSample";
			};
			name = Debug;
		};
		8EA4A8F71C854B3200BCB9DB /* Release */ = {
			isa = XCBuildConfiguration;
			buildSettings = {
				BUNDLE_LOADER = "$(TEST_HOST)";
				INFOPLIST_FILE = TableViewSampleTests/Info.plist;
				LD_RUNPATH_SEARCH_PATHS = "$(inherited) @executable_path/Frameworks @loader_path/Frameworks";
				PRODUCT_BUNDLE_IDENTIFIER = com.PointerLabs.TableViewSampleTests;
				PRODUCT_NAME = "$(TARGET_NAME)";
				TEST_HOST = "$(BUILT_PRODUCTS_DIR)/TableViewSample.app/TableViewSample";
			};
			name = Release;
		};
/* End XCBuildConfiguration section */

/* Begin XCConfigurationList section */
		8EA4A8D01C854B3100BCB9DB /* Build configuration list for PBXProject "TableViewSample" */ = {
			isa = XCConfigurationList;
			buildConfigurations = (
				8EA4A8F01C854B3200BCB9DB /* Debug */,
				8EA4A8F11C854B3200BCB9DB /* Release */,
			);
			defaultConfigurationIsVisible = 0;
			defaultConfigurationName = Release;
		};
		8EA4A8F21C854B3200BCB9DB /* Build configuration list for PBXNativeTarget "TableViewSample" */ = {
			isa = XCConfigurationList;
			buildConfigurations = (
				8EA4A8F31C854B3200BCB9DB /* Debug */,
				8EA4A8F41C854B3200BCB9DB /* Release */,
			);
			defaultConfigurationIsVisible = 0;
		};
		8EA4A8F51C854B3200BCB9DB /* Build configuration list for PBXNativeTarget "TableViewSampleTests" */ = {
			isa = XCConfigurationList;
			buildConfigurations = (
				8EA4A8F61C854B3200BCB9DB /* Debug */,
				8EA4A8F71C854B3200BCB9DB /* Release */,
			);
			defaultConfigurationIsVisible = 0;
		};
/* End XCConfigurationList section */
	};
	rootObject = 8EA4A8CD1C854B3100BCB9DB /* Project object */;
}
